
Microsoft Visual Studio Solution File, Format Version 12.00
# Visual Studio 15
VisualStudioVersion = 15.0.28307.1000
MinimumVisualStudioVersion = 10.0.40219.1
Project("{6870E480-7721-4708-BFB8-9AE898AA21B3}") = "TabularProject1", "TabularProject1\TabularProject1.smproj", "{8CE414BB-95B2-4C99-9E03-51BA72086E22}"
EndProject
Project("{D2ABAB84-BF74-430A-B69E-9DC6D40DDA17}") = "MultidimensionalProject1", "..\MultidimensionalProject1\MultidimensionalProject1\MultidimensionalProject1.dwproj", "{A286B3B7-3539-4E3A-8E4D-6F3518D02952}"
EndProject
Global
	GlobalSection(SolutionConfigurationPlatforms) = preSolution
		Development|x86 = Development|x86
	EndGlobalSection
	GlobalSection(ProjectConfigurationPlatforms) = postSolution
		{8CE414BB-95B2-4C99-9E03-51BA72086E22}.Development|x86.ActiveCfg = Development|x86
		{8CE414BB-95B2-4C99-9E03-51BA72086E22}.Development|x86.Build.0 = Development|x86
		{8CE414BB-95B2-4C99-9E03-51BA72086E22}.Development|x86.Deploy.0 = Development|x86
		{A286B3B7-3539-4E3A-8E4D-6F3518D02952}.Development|x86.ActiveCfg = Development
		{A286B3B7-3539-4E3A-8E4D-6F3518D02952}.Development|x86.Build.0 = Development
		{A286B3B7-3539-4E3A-8E4D-6F3518D02952}.Development|x86.Deploy.0 = Development
	EndGlobalSection
	GlobalSection(SolutionProperties) = preSolution
		HideSolutionNode = FALSE
	EndGlobalSection
	GlobalSection(ExtensibilityGlobals) = postSolution
		SolutionGuid = {69ED5978-4A84-45E5-8821-97779E6E2446}
	EndGlobalSection
EndGlobal
